
Microsoft Visual Studio Solution File, Format Version 12.00
# Visual Studio Version 17
VisualStudioVersion = 17.5.002.0
MinimumVisualStudioVersion = 10.0.40219.1
Project("{2150E333-8FDC-42A3-9474-1A3956D46DE8}") = "1.Cookies", "1.Cookies", "{368422DA-AF21-4E6C-B632-D91F4FB1F3AD}"
EndProject
Project("{9A19103F-16F7-4668-BE54-9A1E7A4F7556}") = "Globomantics.Server", "1.Cookies\backend\Globomantics.Server.csproj", "{EEA7AF3D-622F-4CE5-828D-D5789855370C}"
EndProject
Global
	GlobalSection(SolutionConfigurationPlatforms) = preSolution
		Debug|Any CPU = Debug|Any CPU
		Release|Any CPU = Release|Any CPU
	EndGlobalSection
	GlobalSection(ProjectConfigurationPlatforms) = postSolution
		{EEA7AF3D-622F-4CE5-828D-D5789855370C}.Debug|Any CPU.ActiveCfg = Debug|Any CPU
		{EEA7AF3D-622F-4CE5-828D-D5789855370C}.Debug|Any CPU.Build.0 = Debug|Any CPU
		{EEA7AF3D-622F-4CE5-828D-D5789855370C}.Release|Any CPU.ActiveCfg = Release|Any CPU
		{EEA7AF3D-622F-4CE5-828D-D5789855370C}.Release|Any CPU.Build.0 = Release|Any CPU
	EndGlobalSection
	GlobalSection(SolutionProperties) = preSolution
		HideSolutionNode = FALSE
	EndGlobalSection
	GlobalSection(NestedProjects) = preSolution
		{EEA7AF3D-622F-4CE5-828D-D5789855370C} = {368422DA-AF21-4E6C-B632-D91F4FB1F3AD}
	EndGlobalSection
	GlobalSection(ExtensibilityGlobals) = postSolution
		SolutionGuid = {7508CEF1-3E51-42FA-9BC3-09FB9A6633A9}
	EndGlobalSection
EndGlobal
