
Microsoft Visual Studio Solution File, Format Version 12.00
# Visual Studio Version 17
VisualStudioVersion = 17.5.002.0
MinimumVisualStudioVersion = 10.0.40219.1
Project("{2150E333-8FDC-42A3-9474-1A3956D46DE8}") = "1.Cookies", "1.Cookies", "{48375E34-F1BF-48A3-A810-A186FC6F357E}"
EndProject
Project("{9A19103F-16F7-4668-BE54-9A1E7A4F7556}") = "Globomantics.Backend", "1.Cookies\backend\Globomantics.Backend.csproj", "{52DD9B9A-D45B-49B1-B319-27F2F4B76F49}"
EndProject
Global
	GlobalSection(SolutionConfigurationPlatforms) = preSolution
		Debug|Any CPU = Debug|Any CPU
		Release|Any CPU = Release|Any CPU
	EndGlobalSection
	GlobalSection(ProjectConfigurationPlatforms) = postSolution
		{52DD9B9A-D45B-49B1-B319-27F2F4B76F49}.Debug|Any CPU.ActiveCfg = Debug|Any CPU
		{52DD9B9A-D45B-49B1-B319-27F2F4B76F49}.Debug|Any CPU.Build.0 = Debug|Any CPU
		{52DD9B9A-D45B-49B1-B319-27F2F4B76F49}.Release|Any CPU.ActiveCfg = Release|Any CPU
		{52DD9B9A-D45B-49B1-B319-27F2F4B76F49}.Release|Any CPU.Build.0 = Release|Any CPU
	EndGlobalSection
	GlobalSection(SolutionProperties) = preSolution
		HideSolutionNode = FALSE
	EndGlobalSection
	GlobalSection(NestedProjects) = preSolution
		{52DD9B9A-D45B-49B1-B319-27F2F4B76F49} = {48375E34-F1BF-48A3-A810-A186FC6F357E}
	EndGlobalSection
	GlobalSection(ExtensibilityGlobals) = postSolution
		SolutionGuid = {61AB0D69-63DD-42CF-B242-BD8609D2E1AE}
	EndGlobalSection
EndGlobal
